
Microsoft Visual Studio Solution File, Format Version 12.00
# Visual Studio Version 16
VisualStudioVersion = 16.0.31424.327
MinimumVisualStudioVersion = 10.0.40219.1
Project("{9A19103F-16F7-4668-BE54-9A1E7A4F7556}") = "Contact.WebApi", "Contact.WebApi\Contact.WebApi.csproj", "{C0A94495-4B13-45C7-843E-E5A98428FDBE}"
EndProject
Project("{9A19103F-16F7-4668-BE54-9A1E7A4F7556}") = "Contact.Entities", "Contact.Entities\Contact.Entities.csproj", "{93B51E1B-7298-40FC-B3C1-9C03FFEA9710}"
EndProject
Project("{9A19103F-16F7-4668-BE54-9A1E7A4F7556}") = "Contact.DataAccess", "Contact.DataAccess\Contact.DataAccess.csproj", "{7E44BE62-2F88-4E86-A483-A1475FB18A44}"
EndProject
Project("{9A19103F-16F7-4668-BE54-9A1E7A4F7556}") = "Contact.Business", "Contact.Business\Contact.Business.csproj", "{594CB9B7-C452-43AF-AFBF-D54CE9E394BA}"
EndProject
Project("{FAE04EC0-301F-11D3-BF4B-00C04F79EFBC}") = "Contact.Core", "Contact.Core\Contact.Core.csproj", "{5CA51E3D-C670-4038-8E27-919B3CB3EFD2}"
EndProject
Global
	GlobalSection(SolutionConfigurationPlatforms) = preSolution
		Debug|Any CPU = Debug|Any CPU
		Release|Any CPU = Release|Any CPU
	EndGlobalSection
	GlobalSection(ProjectConfigurationPlatforms) = postSolution
		{C0A94495-4B13-45C7-843E-E5A98428FDBE}.Debug|Any CPU.ActiveCfg = Debug|Any CPU
		{C0A94495-4B13-45C7-843E-E5A98428FDBE}.Debug|Any CPU.Build.0 = Debug|Any CPU
		{C0A94495-4B13-45C7-843E-E5A98428FDBE}.Release|Any CPU.ActiveCfg = Release|Any CPU
		{C0A94495-4B13-45C7-843E-E5A98428FDBE}.Release|Any CPU.Build.0 = Release|Any CPU
		{93B51E1B-7298-40FC-B3C1-9C03FFEA9710}.Debug|Any CPU.ActiveCfg = Debug|Any CPU
		{93B51E1B-7298-40FC-B3C1-9C03FFEA9710}.Debug|Any CPU.Build.0 = Debug|Any CPU
		{93B51E1B-7298-40FC-B3C1-9C03FFEA9710}.Release|Any CPU.ActiveCfg = Release|Any CPU
		{93B51E1B-7298-40FC-B3C1-9C03FFEA9710}.Release|Any CPU.Build.0 = Release|Any CPU
		{7E44BE62-2F88-4E86-A483-A1475FB18A44}.Debug|Any CPU.ActiveCfg = Debug|Any CPU
		{7E44BE62-2F88-4E86-A483-A1475FB18A44}.Debug|Any CPU.Build.0 = Debug|Any CPU
		{7E44BE62-2F88-4E86-A483-A1475FB18A44}.Release|Any CPU.ActiveCfg = Release|Any CPU
		{7E44BE62-2F88-4E86-A483-A1475FB18A44}.Release|Any CPU.Build.0 = Release|Any CPU
		{594CB9B7-C452-43AF-AFBF-D54CE9E394BA}.Debug|Any CPU.ActiveCfg = Debug|Any CPU
		{594CB9B7-C452-43AF-AFBF-D54CE9E394BA}.Debug|Any CPU.Build.0 = Debug|Any CPU
		{594CB9B7-C452-43AF-AFBF-D54CE9E394BA}.Release|Any CPU.ActiveCfg = Release|Any CPU
		{594CB9B7-C452-43AF-AFBF-D54CE9E394BA}.Release|Any CPU.Build.0 = Release|Any CPU
		{5CA51E3D-C670-4038-8E27-919B3CB3EFD2}.Debug|Any CPU.ActiveCfg = Debug|Any CPU
		{5CA51E3D-C670-4038-8E27-919B3CB3EFD2}.Debug|Any CPU.Build.0 = Debug|Any CPU
		{5CA51E3D-C670-4038-8E27-919B3CB3EFD2}.Release|Any CPU.ActiveCfg = Release|Any CPU
		{5CA51E3D-C670-4038-8E27-919B3CB3EFD2}.Release|Any CPU.Build.0 = Release|Any CPU
	EndGlobalSection
	GlobalSection(SolutionProperties) = preSolution
		HideSolutionNode = FALSE
	EndGlobalSection
	GlobalSection(ExtensibilityGlobals) = postSolution
		SolutionGuid = {D575CF88-6C07-4828-9A21-B1A03A1D9106}
	EndGlobalSection
EndGlobal
